
Microsoft Visual Studio Solution File, Format Version 12.00
# Visual Studio Version 16
VisualStudioVersion = 16.0.29709.97
MinimumVisualStudioVersion = 10.0.40219.1
Project("{8BC9CEB8-8B4A-11D0-8D11-00A0C91BC942}") = "PROJ3_215_Dorough", "PROJ3_215_Dorough\PROJ3_215_Dorough.vcxproj", "{792D1A0F-A07E-454A-B78C-7A95C7686B7C}"
EndProject
Global
	GlobalSection(SolutionConfigurationPlatforms) = preSolution
		Debug|x64 = Debug|x64
		Debug|x86 = Debug|x86
		Release|x64 = Release|x64
		Release|x86 = Release|x86
	EndGlobalSection
	GlobalSection(ProjectConfigurationPlatforms) = postSolution
		{792D1A0F-A07E-454A-B78C-7A95C7686B7C}.Debug|x64.ActiveCfg = Debug|x64
		{792D1A0F-A07E-454A-B78C-7A95C7686B7C}.Debug|x64.Build.0 = Debug|x64
		{792D1A0F-A07E-454A-B78C-7A95C7686B7C}.Debug|x86.ActiveCfg = Debug|Win32
		{792D1A0F-A07E-454A-B78C-7A95C7686B7C}.Debug|x86.Build.0 = Debug|Win32
		{792D1A0F-A07E-454A-B78C-7A95C7686B7C}.Release|x64.ActiveCfg = Release|x64
		{792D1A0F-A07E-454A-B78C-7A95C7686B7C}.Release|x64.Build.0 = Release|x64
		{792D1A0F-A07E-454A-B78C-7A95C7686B7C}.Release|x86.ActiveCfg = Release|Win32
		{792D1A0F-A07E-454A-B78C-7A95C7686B7C}.Release|x86.Build.0 = Release|Win32
	EndGlobalSection
	GlobalSection(SolutionProperties) = preSolution
		HideSolutionNode = FALSE
	EndGlobalSection
	GlobalSection(ExtensibilityGlobals) = postSolution
		SolutionGuid = {EDD8BEFB-DE6E-4B41-8A80-63B827A68F2E}
	EndGlobalSection
EndGlobal
